
Microsoft Visual Studio Solution File, Format Version 12.00
# Visual Studio 15
VisualStudioVersion = 15.0.26124.0
MinimumVisualStudioVersion = 15.0.26124.0
Project("{FAE04EC0-301F-11D3-BF4B-00C04F79EFBC}") = "StringCalculator", "StringCalculator\StringCalculator.csproj", "{0300CBC9-E490-4A04-8D7F-B6ABF2196720}"
EndProject
Project("{FAE04EC0-301F-11D3-BF4B-00C04F79EFBC}") = "StringCalculator.Test", "StringCalculator.Test\StringCalculator.Test.csproj", "{AD3A71C4-1FC8-4F4D-B803-0E11707BD5D1}"
EndProject
Global
	GlobalSection(SolutionConfigurationPlatforms) = preSolution
		Debug|Any CPU = Debug|Any CPU
		Debug|x64 = Debug|x64
		Debug|x86 = Debug|x86
		Release|Any CPU = Release|Any CPU
		Release|x64 = Release|x64
		Release|x86 = Release|x86
	EndGlobalSection
	GlobalSection(SolutionProperties) = preSolution
		HideSolutionNode = FALSE
	EndGlobalSection
	GlobalSection(ProjectConfigurationPlatforms) = postSolution
		{0300CBC9-E490-4A04-8D7F-B6ABF2196720}.Debug|Any CPU.ActiveCfg = Debug|Any CPU
		{0300CBC9-E490-4A04-8D7F-B6ABF2196720}.Debug|Any CPU.Build.0 = Debug|Any CPU
		{0300CBC9-E490-4A04-8D7F-B6ABF2196720}.Debug|x64.ActiveCfg = Debug|Any CPU
		{0300CBC9-E490-4A04-8D7F-B6ABF2196720}.Debug|x64.Build.0 = Debug|Any CPU
		{0300CBC9-E490-4A04-8D7F-B6ABF2196720}.Debug|x86.ActiveCfg = Debug|Any CPU
		{0300CBC9-E490-4A04-8D7F-B6ABF2196720}.Debug|x86.Build.0 = Debug|Any CPU
		{0300CBC9-E490-4A04-8D7F-B6ABF2196720}.Release|Any CPU.ActiveCfg = Release|Any CPU
		{0300CBC9-E490-4A04-8D7F-B6ABF2196720}.Release|Any CPU.Build.0 = Release|Any CPU
		{0300CBC9-E490-4A04-8D7F-B6ABF2196720}.Release|x64.ActiveCfg = Release|Any CPU
		{0300CBC9-E490-4A04-8D7F-B6ABF2196720}.Release|x64.Build.0 = Release|Any CPU
		{0300CBC9-E490-4A04-8D7F-B6ABF2196720}.Release|x86.ActiveCfg = Release|Any CPU
		{0300CBC9-E490-4A04-8D7F-B6ABF2196720}.Release|x86.Build.0 = Release|Any CPU
		{AD3A71C4-1FC8-4F4D-B803-0E11707BD5D1}.Debug|Any CPU.ActiveCfg = Debug|Any CPU
		{AD3A71C4-1FC8-4F4D-B803-0E11707BD5D1}.Debug|Any CPU.Build.0 = Debug|Any CPU
		{AD3A71C4-1FC8-4F4D-B803-0E11707BD5D1}.Debug|x64.ActiveCfg = Debug|Any CPU
		{AD3A71C4-1FC8-4F4D-B803-0E11707BD5D1}.Debug|x64.Build.0 = Debug|Any CPU
		{AD3A71C4-1FC8-4F4D-B803-0E11707BD5D1}.Debug|x86.ActiveCfg = Debug|Any CPU
		{AD3A71C4-1FC8-4F4D-B803-0E11707BD5D1}.Debug|x86.Build.0 = Debug|Any CPU
		{AD3A71C4-1FC8-4F4D-B803-0E11707BD5D1}.Release|Any CPU.ActiveCfg = Release|Any CPU
		{AD3A71C4-1FC8-4F4D-B803-0E11707BD5D1}.Release|Any CPU.Build.0 = Release|Any CPU
		{AD3A71C4-1FC8-4F4D-B803-0E11707BD5D1}.Release|x64.ActiveCfg = Release|Any CPU
		{AD3A71C4-1FC8-4F4D-B803-0E11707BD5D1}.Release|x64.Build.0 = Release|Any CPU
		{AD3A71C4-1FC8-4F4D-B803-0E11707BD5D1}.Release|x86.ActiveCfg = Release|Any CPU
		{AD3A71C4-1FC8-4F4D-B803-0E11707BD5D1}.Release|x86.Build.0 = Release|Any CPU
	EndGlobalSection
EndGlobal
